<?xml version="1.0" encoding="UTF-8"?>
<Scheme
   LastUpgradeVersion = "2640"
   version = "1.7">
   <BuildAction
      parallelizeBuildables = "YES"
      buildImplicitDependencies = "YES"
      buildArchitectures = "Automatic">
      <BuildActionEntries>
         <BuildActionEntry
            buildForTesting = "YES"
            buildForRunning = "YES"
            buildForProfiling = "YES"
            buildForArchiving = "YES"
            buildForAnalyzing = "YES">
            <BuildableReference
               BuildableIdentifier = "primary"
               BlueprintIdentifier = "598A20FB2F851A4300C92E94"
               BuildableName = "LAPSTool.app"
               BlueprintName = "LAPSTool"
               ReferencedContainer = "container:LAPSTool.xcodeproj">
            </BuildableReference>
         </BuildActionEntry>
      </BuildActionEntries>
   </BuildAction>
   <TestAction
      buildConfiguration = "Debug"
      selectedDebuggerIdentifier = "Xcode.DebuggerFoundation.Debugger.LLDB"
      selectedLauncherIdentifier = "Xcode.DebuggerFoundation.Launcher.LLDB"
      shouldUseLaunchSchemeArgsEnv = "YES"
      shouldAutocreateTestPlan = "YES">
   </TestAction>
   <LaunchAction
      buildConfiguration = "Debug"
      selectedDebuggerIdentifier = "Xcode.DebuggerFoundation.Debugger.LLDB"
      selectedLauncherIdentifier = "Xcode.DebuggerFoundation.Launcher.LLDB"
      launchStyle = "0"
      useCustomWorkingDirectory = "NO"
      ignoresPersistentStateOnLaunch = "NO"
      debugDocumentVersioning = "YES"
      debugServiceExtension = "internal"
      allowLocationSimulation = "YES"
      queueDebuggingEnableBacktraceRecording = "Yes">
      <BuildableProductRunnable
         runnableDebuggingMode = "0">
         <BuildableReference
            BuildableIdentifier = "primary"
            BlueprintIdentifier = "598A20FB2F851A4300C92E94"
            BuildableName = "LAPSTool.app"
            BlueprintName = "LAPSTool"
            ReferencedContainer = "container:LAPSTool.xcodeproj">
         </BuildableReference>
      </BuildableProductRunnable>
      <CommandLineArguments>
         <CommandLineArgument
            argument = "--jamf-url https://genesysit.jamfcloud.com"
            isEnabled = "YES">
         </CommandLineArgument>
         <CommandLineArgument
            argument = "--client-id 17f00221-d0eb-4294-b494-802a452d0b7a"
            isEnabled = "YES">
         </CommandLineArgument>
         <CommandLineArgument
            argument = "--client-secret 2pu0_A65sh3hG3kvpy-04LFEuFT3m9JQ4FezDtO7Htvuv4DMVOytHJyMRqX8u9IP"
            isEnabled = "YES">
         </CommandLineArgument>
         <CommandLineArgument
            argument = "--teams-url https://default785ce69c90cf4dc7a882eaf312d1d1.5d.environment.api.powerplatform.com:443/powerautomate/automations/direct/workflows/4eadb57f537f4d32b40615067256c0da/triggers/manual/paths/invoke?api-version=1&amp;sp=%2Ftriggers%2Fmanual%2Frun&amp;sv=1.0&amp;sig=hMU5SZgmzBTwkdeemzhvnkrSrgMoPSmNwAccU-xHqME"
            isEnabled = "YES">
         </CommandLineArgument>
      </CommandLineArguments>
   </LaunchAction>
   <ProfileAction
      buildConfiguration = "Release"
      shouldUseLaunchSchemeArgsEnv = "YES"
      savedToolIdentifier = ""
      useCustomWorkingDirectory = "NO"
      debugDocumentVersioning = "YES">
      <BuildableProductRunnable
         runnableDebuggingMode = "0">
         <BuildableReference
            BuildableIdentifier = "primary"
            BlueprintIdentifier = "598A20FB2F851A4300C92E94"
            BuildableName = "LAPSTool.app"
            BlueprintName = "LAPSTool"
            ReferencedContainer = "container:LAPSTool.xcodeproj">
         </BuildableReference>
      </BuildableProductRunnable>
   </ProfileAction>
   <AnalyzeAction
      buildConfiguration = "Debug">
   </AnalyzeAction>
   <ArchiveAction
      buildConfiguration = "Release"
      revealArchiveInOrganizer = "YES">
   </ArchiveAction>
</Scheme>
